
Microsoft Visual Studio Solution File, Format Version 12.00
# Visual Studio Version 17
VisualStudioVersion = 17.13.35825.156
MinimumVisualStudioVersion = 10.0.40219.1
Project("{FAE04EC0-301F-11D3-BF4B-00C04F79EFBC}") = "BookTracker.Api", "OpenIddictBookTracker\BookTracker.Api.csproj", "{338FFCB7-862A-42B2-B15A-C665128DE102}"
EndProject
Project("{FAE04EC0-301F-11D3-BF4B-00C04F79EFBC}") = "BookTracker.Data", "OpenIddictBookTracker.Data\BookTracker.Data.csproj", "{F4C4A9A1-ED0D-47BB-9788-1E219D4CD963}"
EndProject
Global
	GlobalSection(SolutionConfigurationPlatforms) = preSolution
		Debug|Any CPU = Debug|Any CPU
		Release|Any CPU = Release|Any CPU
	EndGlobalSection
	GlobalSection(ProjectConfigurationPlatforms) = postSolution
		{338FFCB7-862A-42B2-B15A-C665128DE102}.Debug|Any CPU.ActiveCfg = Debug|Any CPU
		{338FFCB7-862A-42B2-B15A-C665128DE102}.Debug|Any CPU.Build.0 = Debug|Any CPU
		{338FFCB7-862A-42B2-B15A-C665128DE102}.Release|Any CPU.ActiveCfg = Release|Any CPU
		{338FFCB7-862A-42B2-B15A-C665128DE102}.Release|Any CPU.Build.0 = Release|Any CPU
		{F4C4A9A1-ED0D-47BB-9788-1E219D4CD963}.Debug|Any CPU.ActiveCfg = Debug|Any CPU
		{F4C4A9A1-ED0D-47BB-9788-1E219D4CD963}.Debug|Any CPU.Build.0 = Debug|Any CPU
		{F4C4A9A1-ED0D-47BB-9788-1E219D4CD963}.Release|Any CPU.ActiveCfg = Release|Any CPU
		{F4C4A9A1-ED0D-47BB-9788-1E219D4CD963}.Release|Any CPU.Build.0 = Release|Any CPU
	EndGlobalSection
	GlobalSection(SolutionProperties) = preSolution
		HideSolutionNode = FALSE
	EndGlobalSection
	GlobalSection(ExtensibilityGlobals) = postSolution
		SolutionGuid = {50E36FCA-314F-49A8-916B-AE29B9CFFA6A}
	EndGlobalSection
EndGlobal
