
Microsoft Visual Studio Solution File, Format Version 12.00
# Visual Studio Version 17
VisualStudioVersion = 17.13.35825.156
MinimumVisualStudioVersion = 10.0.40219.1
Project("{FAE04EC0-301F-11D3-BF4B-00C04F79EFBC}") = "BookTracker.Api", "BookTracker.Api\BookTracker.Api.csproj", "{ED776E25-B0E9-2257-2BE8-D00EAE005652}"
EndProject
Project("{FAE04EC0-301F-11D3-BF4B-00C04F79EFBC}") = "BookTracker.Data", "BookTracker.Data\BookTracker.Data.csproj", "{CEF7DCB4-5F35-DE4F-56BE-7C1CA11F1686}"
EndProject
Global
	GlobalSection(SolutionConfigurationPlatforms) = preSolution
		Debug|Any CPU = Debug|Any CPU
		Release|Any CPU = Release|Any CPU
	EndGlobalSection
	GlobalSection(ProjectConfigurationPlatforms) = postSolution
		{ED776E25-B0E9-2257-2BE8-D00EAE005652}.Debug|Any CPU.ActiveCfg = Debug|Any CPU
		{ED776E25-B0E9-2257-2BE8-D00EAE005652}.Debug|Any CPU.Build.0 = Debug|Any CPU
		{ED776E25-B0E9-2257-2BE8-D00EAE005652}.Release|Any CPU.ActiveCfg = Release|Any CPU
		{ED776E25-B0E9-2257-2BE8-D00EAE005652}.Release|Any CPU.Build.0 = Release|Any CPU
		{CEF7DCB4-5F35-DE4F-56BE-7C1CA11F1686}.Debug|Any CPU.ActiveCfg = Debug|Any CPU
		{CEF7DCB4-5F35-DE4F-56BE-7C1CA11F1686}.Debug|Any CPU.Build.0 = Debug|Any CPU
		{CEF7DCB4-5F35-DE4F-56BE-7C1CA11F1686}.Release|Any CPU.ActiveCfg = Release|Any CPU
		{CEF7DCB4-5F35-DE4F-56BE-7C1CA11F1686}.Release|Any CPU.Build.0 = Release|Any CPU
	EndGlobalSection
	GlobalSection(SolutionProperties) = preSolution
		HideSolutionNode = FALSE
	EndGlobalSection
	GlobalSection(ExtensibilityGlobals) = postSolution
		SolutionGuid = {50E36FCA-314F-49A8-916B-AE29B9CFFA6A}
	EndGlobalSection
EndGlobal
